
Microsoft Visual Studio Solution File, Format Version 12.00
# Visual Studio 15
VisualStudioVersion = 15.0.26730.16
MinimumVisualStudioVersion = 10.0.40219.1
Project("{888888A0-9F3D-457C-B088-3A5042F75D52}") = "ContinousIntegration", "ContinousIntegration.pyproj", "{B1AF729B-E481-4853-8CC7-66828E899F9B}"
EndProject
Global
	GlobalSection(SolutionConfigurationPlatforms) = preSolution
		Debug|Any CPU = Debug|Any CPU
		Release|Any CPU = Release|Any CPU
	EndGlobalSection
	GlobalSection(ProjectConfigurationPlatforms) = postSolution
		{B1AF729B-E481-4853-8CC7-66828E899F9B}.Debug|Any CPU.ActiveCfg = Debug|Any CPU
		{B1AF729B-E481-4853-8CC7-66828E899F9B}.Debug|Any CPU.Build.0 = Debug|Any CPU
		{B1AF729B-E481-4853-8CC7-66828E899F9B}.Release|Any CPU.ActiveCfg = Release|Any CPU
		{B1AF729B-E481-4853-8CC7-66828E899F9B}.Release|Any CPU.Build.0 = Release|Any CPU
	EndGlobalSection
	GlobalSection(SolutionProperties) = preSolution
		HideSolutionNode = FALSE
	EndGlobalSection
	GlobalSection(ExtensibilityGlobals) = postSolution
		SolutionGuid = {86321B88-1E7B-4043-B9D2-AF59FF4D14B9}
	EndGlobalSection
EndGlobal
